
Microsoft Visual Studio Solution File, Format Version 12.00
# Visual Studio Version 17
VisualStudioVersion = 17.5.002.0
MinimumVisualStudioVersion = 10.0.40219.1
Project("{9A19103F-16F7-4668-BE54-9A1E7A4F7556}") = "Backend_NET", "Backend_NET\Backend_NET.csproj", "{253191C0-63F5-4F7F-9F12-F7BD2682A698}"
EndProject
Global
	GlobalSection(SolutionConfigurationPlatforms) = preSolution
		Debug|Any CPU = Debug|Any CPU
		Release|Any CPU = Release|Any CPU
	EndGlobalSection
	GlobalSection(ProjectConfigurationPlatforms) = postSolution
		{253191C0-63F5-4F7F-9F12-F7BD2682A698}.Debug|Any CPU.ActiveCfg = Debug|Any CPU
		{253191C0-63F5-4F7F-9F12-F7BD2682A698}.Debug|Any CPU.Build.0 = Debug|Any CPU
		{253191C0-63F5-4F7F-9F12-F7BD2682A698}.Release|Any CPU.ActiveCfg = Release|Any CPU
		{253191C0-63F5-4F7F-9F12-F7BD2682A698}.Release|Any CPU.Build.0 = Release|Any CPU
	EndGlobalSection
	GlobalSection(SolutionProperties) = preSolution
		HideSolutionNode = FALSE
	EndGlobalSection
	GlobalSection(ExtensibilityGlobals) = postSolution
		SolutionGuid = {27F85FC8-9AA9-4D0C-B689-DC8C3448B451}
	EndGlobalSection
EndGlobal
